
Microsoft Visual Studio Solution File, Format Version 12.00
Project("{FAE04EC0-301F-11D3-BF4B-00C04F79EFBC}") = "DependencyInjectionInStaticClass", "DependencyInjectionInStaticClass\DependencyInjectionInStaticClass.csproj", "{BD23D660-892C-4656-A4C8-5BDBF08ACBAB}"
EndProject
Global
	GlobalSection(SolutionConfigurationPlatforms) = preSolution
		Debug|Any CPU = Debug|Any CPU
		Release|Any CPU = Release|Any CPU
	EndGlobalSection
	GlobalSection(ProjectConfigurationPlatforms) = postSolution
		{BD23D660-892C-4656-A4C8-5BDBF08ACBAB}.Debug|Any CPU.ActiveCfg = Debug|Any CPU
		{BD23D660-892C-4656-A4C8-5BDBF08ACBAB}.Debug|Any CPU.Build.0 = Debug|Any CPU
		{BD23D660-892C-4656-A4C8-5BDBF08ACBAB}.Release|Any CPU.ActiveCfg = Release|Any CPU
		{BD23D660-892C-4656-A4C8-5BDBF08ACBAB}.Release|Any CPU.Build.0 = Release|Any CPU
	EndGlobalSection
EndGlobal
